
Microsoft Visual Studio Solution File, Format Version 12.00
# Visual Studio 2012
Project("{FAE04EC0-301F-11D3-BF4B-00C04F79EFBC}") = "SimpleStackConsoleApp", "SimpleStackConsoleApp\SimpleStackConsoleApp.csproj", "{C55E8758-6D0B-4E27-BF57-AB6690B13487}"
EndProject
Global
	GlobalSection(SolutionConfigurationPlatforms) = preSolution
		Debug|Any CPU = Debug|Any CPU
		Release|Any CPU = Release|Any CPU
	EndGlobalSection
	GlobalSection(ProjectConfigurationPlatforms) = postSolution
		{C55E8758-6D0B-4E27-BF57-AB6690B13487}.Debug|Any CPU.ActiveCfg = Debug|Any CPU
		{C55E8758-6D0B-4E27-BF57-AB6690B13487}.Debug|Any CPU.Build.0 = Debug|Any CPU
		{C55E8758-6D0B-4E27-BF57-AB6690B13487}.Release|Any CPU.ActiveCfg = Release|Any CPU
		{C55E8758-6D0B-4E27-BF57-AB6690B13487}.Release|Any CPU.Build.0 = Release|Any CPU
	EndGlobalSection
	GlobalSection(SolutionProperties) = preSolution
		HideSolutionNode = FALSE
	EndGlobalSection
EndGlobal
